
Microsoft Visual Studio Solution File, Format Version 11.00
# Visual Studio 2010
Project("{FAE04EC0-301F-11D3-BF4B-00C04F79EFBC}") = "ServiceLocationExample", "ServiceLocationExample\ServiceLocationExample.csproj", "{8026F424-7BE4-4BAB-B740-0FD2259F14CE}"
EndProject
Project("{FAE04EC0-301F-11D3-BF4B-00C04F79EFBC}") = "Common", "..\Common\Common.csproj", "{143DF76F-1A66-48BE-AE2C-0BA829BE7CE1}"
EndProject
Global
	GlobalSection(SolutionConfigurationPlatforms) = preSolution
		Debug|Any CPU = Debug|Any CPU
		Release|Any CPU = Release|Any CPU
	EndGlobalSection
	GlobalSection(ProjectConfigurationPlatforms) = postSolution
		{8026F424-7BE4-4BAB-B740-0FD2259F14CE}.Debug|Any CPU.ActiveCfg = Debug|Any CPU
		{8026F424-7BE4-4BAB-B740-0FD2259F14CE}.Debug|Any CPU.Build.0 = Debug|Any CPU
		{8026F424-7BE4-4BAB-B740-0FD2259F14CE}.Release|Any CPU.ActiveCfg = Release|Any CPU
		{8026F424-7BE4-4BAB-B740-0FD2259F14CE}.Release|Any CPU.Build.0 = Release|Any CPU
		{143DF76F-1A66-48BE-AE2C-0BA829BE7CE1}.Debug|Any CPU.ActiveCfg = Debug|Any CPU
		{143DF76F-1A66-48BE-AE2C-0BA829BE7CE1}.Debug|Any CPU.Build.0 = Debug|Any CPU
		{143DF76F-1A66-48BE-AE2C-0BA829BE7CE1}.Release|Any CPU.ActiveCfg = Release|Any CPU
		{143DF76F-1A66-48BE-AE2C-0BA829BE7CE1}.Release|Any CPU.Build.0 = Release|Any CPU
	EndGlobalSection
	GlobalSection(SolutionProperties) = preSolution
		HideSolutionNode = FALSE
	EndGlobalSection
EndGlobal
